// !$*UTF8*$!
{
	archiveVersion = 1;
	classes = {
	};
	objectVersion = 46;
	objects = {

/* Begin PBXBuildFile section */
		7FBC39611C83C4B700C852AC /* AppDelegate.swift in Sources */ = {isa = PBXBuildFile; fileRef = 7FBC39601C83C4B700C852AC /* AppDelegate.swift */; };
		7FBC39631C83C4B700C852AC /* ViewController.swift in Sources */ = {isa = PBXBuildFile; fileRef = 7FBC39621C83C4B700C852AC /* ViewController.swift */; };
		7FBC39661C83C4B700C852AC /* Main.storyboard in Resources */ = {isa = PBXBuildFile; fileRef = 7FBC39641C83C4B700C852AC /* Main.storyboard */; };
		7FBC39681C83C4B700C852AC /* Assets.xcassets in Resources */ = {isa = PBXBuildFile; fileRef = 7FBC39671C83C4B700C852AC /* Assets.xcassets */; };
		7FBC396B1C83C4B700C852AC /* LaunchScreen.storyboard in Resources */ = {isa = PBXBuildFile; fileRef = 7FBC39691C83C4B700C852AC /* LaunchScreen.storyboard */; };
		7FBC39761C83C4B700C852AC /* playerTests.swift in Sources */ = {isa = PBXBuildFile; fileRef = 7FBC39751C83C4B700C852AC /* playerTests.swift */; };
		7FBC39811C83C4B700C852AC /* playerUITests.swift in Sources */ = {isa = PBXBuildFile; fileRef = 7FBC39801C83C4B700C852AC /* playerUITests.swift */; };
/* End PBXBuildFile section */

/* Begin PBXContainerItemProxy section */
		7FBC39721C83C4B700C852AC /* PBXContainerItemProxy */ = {
			isa = PBXContainerItemProxy;
			containerPortal = 7FBC39551C83C4B700C852AC /* Project object */;
			proxyType = 1;
			remoteGlobalIDString = 7FBC395C1C83C4B700C852AC;
			remoteInfo = player;
		};
		7FBC397D1C83C4B700C852AC /* PBXContainerItemProxy */ = {
			isa = PBXContainerItemProxy;
			containerPortal = 7FBC39551C83C4B700C852AC /* Project object */;
			proxyType = 1;
			remoteGlobalIDString = 7FBC395C1C83C4B700C852AC;
			remoteInfo = player;
		};
/* End PBXContainerItemProxy section */

/* Begin PBXFileReference section */
		7FBC395D1C83C4B700C852AC /* player.app */ = {isa = PBXFileReference; explicitFileType = wrapper.application; includeInIndex = 0; path = player.app; sourceTree = BUILT_PRODUCTS_DIR; };
		7FBC39601C83C4B700C852AC /* AppDelegate.swift */ = {isa = PBXFileReference; lastKnownFileType = sourcecode.swift; path = AppDelegate.swift; sourceTree = "<group>"; };
		7FBC39621C83C4B700C852AC /* ViewController.swift */ = {isa = PBXFileReference; lastKnownFileType = sourcecode.swift; path = ViewController.swift; sourceTree = "<group>"; };
		7FBC39651C83C4B700C852AC /* Base */ = {isa = PBXFileReference; lastKnownFileType = file.storyboard; name = Base; path = Base.lproj/Main.storyboard; sourceTree = "<group>"; };
		7FBC39671C83C4B700C852AC /* Assets.xcassets */ = {isa = PBXFileReference; lastKnownFileType = folder.assetcatalog; path = Assets.xcassets; sourceTree = "<group>"; };
		7FBC396A1C83C4B700C852AC /* Base */ = {isa = PBXFileReference; lastKnownFileType = file.storyboard; name = Base; path = Base.lproj/LaunchScreen.storyboard; sourceTree = "<group>"; };
		7FBC396C1C83C4B700C852AC /* Info.plist */ = {isa = PBXFileReference; lastKnownFileType = text.plist.xml; path = Info.plist; sourceTree = "<group>"; };
		7FBC39711C83C4B700C852AC /* playerTests.xctest */ = {isa = PBXFileReference; explicitFileType = wrapper.cfbundle; includeInIndex = 0; path = playerTests.xctest; sourceTree = BUILT_PRODUCTS_DIR; };
		7FBC39751C83C4B700C852AC /* playerTests.swift */ = {isa = PBXFileReference; lastKnownFileType = sourcecode.swift; path = playerTests.swift; sourceTree = "<group>"; };
		7FBC39771C83C4B700C852AC /* Info.plist */ = {isa = PBXFileReference; lastKnownFileType = text.plist.xml; path = Info.plist; sourceTree = "<group>"; };
		7FBC397C1C83C4B700C852AC /* playerUITests.xctest */ = {isa = PBXFileReference; explicitFileType = wrapper.cfbundle; includeInIndex = 0; path = playerUITests.xctest; sourceTree = BUILT_PRODUCTS_DIR; };
		7FBC39801C83C4B700C852AC /* playerUITests.swift */ = {isa = PBXFileReference; lastKnownFileType = sourcecode.swift; path = playerUITests.swift; sourceTree = "<group>"; };
		7FBC39821C83C4B700C852AC /* Info.plist */ = {isa = PBXFileReference; lastKnownFileType = text.plist.xml; path = Info.plist; sourceTree = "<group>"; };
/* End PBXFileReference section */

/* Begin PBXFrameworksBuildPhase section */
		7FBC395A1C83C4B700C852AC /* Frameworks */ = {
			isa = PBXFrameworksBuildPhase;
			buildActionMask = 2147483647;
			files = (
			);
			runOnlyForDeploymentPostprocessing = 0;
		};
		7FBC396E1C83C4B700C852AC /* Frameworks */ = {
			isa = PBXFrameworksBuildPhase;
			buildActionMask = 2147483647;
			files = (
			);
			runOnlyForDeploymentPostprocessing = 0;
		};
		7FBC39791C83C4B700C852AC /* Frameworks */ = {
			isa = PBXFrameworksBuildPhase;
			buildActionMask = 2147483647;
			files = (
			);
			runOnlyForDeploymentPostprocessing = 0;
		};
/* End PBXFrameworksBuildPhase section */

/* Begin PBXGroup section */
		7FBC39541C83C4B700C852AC = {
			isa = PBXGroup;
			children = (
				7FBC395F1C83C4B700C852AC /* player */,
				7FBC39741C83C4B700C852AC /* playerTests */,
				7FBC397F1C83C4B700C852AC /* playerUITests */,
				7FBC395E1C83C4B700C852AC /* Products */,
			);
			sourceTree = "<group>";
		};
		7FBC395E1C83C4B700C852AC /* Products */ = {
			isa = PBXGroup;
			children = (
				7FBC395D1C83C4B700C852AC /* player.app */,
				7FBC39711C83C4B700C852AC /* playerTests.xctest */,
				7FBC397C1C83C4B700C852AC /* playerUITests.xctest */,
			);
			name = Products;
			sourceTree = "<group>";
		};
		7FBC395F1C83C4B700C852AC /* player */ = {
			isa = PBXGroup;
			children = (
				7FBC39601C83C4B700C852AC /* AppDelegate.swift */,
				7FBC39621C83C4B700C852AC /* ViewController.swift */,
				7FBC39641C83C4B700C852AC /* Main.storyboard */,
				7FBC39671C83C4B700C852AC /* Assets.xcassets */,
				7FBC39691C83C4B700C852AC /* LaunchScreen.storyboard */,
				7FBC396C1C83C4B700C852AC /* Info.plist */,
			);
			path = player;
			sourceTree = "<group>";
		};
		7FBC39741C83C4B700C852AC /* playerTests */ = {
			isa = PBXGroup;
			children = (
				7FBC39751C83C4B700C852AC /* playerTests.swift */,
				7FBC39771C83C4B700C852AC /* Info.plist */,
			);
			path = playerTests;
			sourceTree = "<group>";
		};
		7FBC397F1C83C4B700C852AC /* playerUITests */ = {
			isa = PBXGroup;
			children = (
				7FBC39801C83C4B700C852AC /* playerUITests.swift */,
				7FBC39821C83C4B700C852AC /* Info.plist */,
			);
			path = playerUITests;
			sourceTree = "<group>";
		};
/* End PBXGroup section */

/* Begin PBXNativeTarget section */
		7FBC395C1C83C4B700C852AC /* player */ = {
			isa = PBXNativeTarget;
			buildConfigurationList = 7FBC39851C83C4B700C852AC /* Build configuration list for PBXNativeTarget "player" */;
			buildPhases = (
				7FBC39591C83C4B700C852AC /* Sources */,
				7FBC395A1C83C4B700C852AC /* Frameworks */,
				7FBC395B1C83C4B700C852AC /* Resources */,
			);
			buildRules = (
			);
			dependencies = (
			);
			name = player;
			productName = player;
			productReference = 7FBC395D1C83C4B700C852AC /* player.app */;
			productType = "com.apple.product-type.application";
		};
		7FBC39701C83C4B700C852AC /* playerTests */ = {
			isa = PBXNativeTarget;
			buildConfigurationList = 7FBC39881C83C4B700C852AC /* Build configuration list for PBXNativeTarget "playerTests" */;
			buildPhases = (
				7FBC396D1C83C4B700C852AC /* Sources */,
				7FBC396E1C83C4B700C852AC /* Frameworks */,
				7FBC396F1C83C4B700C852AC /* Resources */,
			);
			buildRules = (
			);
			dependencies = (
				7FBC39731C83C4B700C852AC /* PBXTargetDependency */,
			);
			name = playerTests;
			productName = playerTests;
			productReference = 7FBC39711C83C4B700C852AC /* playerTests.xctest */;
			productType = "com.apple.product-type.bundle.unit-test";
		};
		7FBC397B1C83C4B700C852AC /* playerUITests */ = {
			isa = PBXNativeTarget;
			buildConfigurationList = 7FBC398B1C83C4B700C852AC /* Build configuration list for PBXNativeTarget "playerUITests" */;
			buildPhases = (
				7FBC39781C83C4B700C852AC /* Sources */,
				7FBC39791C83C4B700C852AC /* Frameworks */,
				7FBC397A1C83C4B700C852AC /* Resources */,
			);
			buildRules = (
			);
			dependencies = (
				7FBC397E1C83C4B700C852AC /* PBXTargetDependency */,
			);
			name = playerUITests;
			productName = playerUITests;
			productReference = 7FBC397C1C83C4B700C852AC /* playerUITests.xctest */;
			productType = "com.apple.product-type.bundle.ui-testing";
		};
/* End PBXNativeTarget section */

/* Begin PBXProject section */
		7FBC39551C83C4B700C852AC /* Project object */ = {
			isa = PBXProject;
			attributes = {
				LastUpgradeCheck = 0700;
				ORGANIZATIONNAME = "杜鋆";
				TargetAttributes = {
					7FBC395C1C83C4B700C852AC = {
						CreatedOnToolsVersion = 7.0;
					};
					7FBC39701C83C4B700C852AC = {
						CreatedOnToolsVersion = 7.0;
						TestTargetID = 7FBC395C1C83C4B700C852AC;
					};
					7FBC397B1C83C4B700C852AC = {
						CreatedOnToolsVersion = 7.0;
						TestTargetID = 7FBC395C1C83C4B700C852AC;
					};
				};
			};
			buildConfigurationList = 7FBC39581C83C4B700C852AC /* Build configuration list for PBXProject "player" */;
			compatibilityVersion = "Xcode 3.2";
			developmentRegion = English;
			hasScannedForEncodings = 0;
			knownRegions = (
				en,
				Base,
			);
			mainGroup = 7FBC39541C83C4B700C852AC;
			productRefGroup = 7FBC395E1C83C4B700C852AC /* Products */;
			projectDirPath = "";
			projectRoot = "";
			targets = (
				7FBC395C1C83C4B700C852AC /* player */,
				7FBC39701C83C4B700C852AC /* playerTests */,
				7FBC397B1C83C4B700C852AC /* playerUITests */,
			);
		};
/* End PBXProject section */

/* Begin PBXResourcesBuildPhase section */
		7FBC395B1C83C4B700C852AC /* Resources */ = {
			isa = PBXResourcesBuildPhase;
			buildActionMask = 2147483647;
			files = (
				7FBC396B1C83C4B700C852AC /* LaunchScreen.storyboard in Resources */,
				7FBC39681C83C4B700C852AC /* Assets.xcassets in Resources */,
				7FBC39661C83C4B700C852AC /* Main.storyboard in Resources */,
			);
			runOnlyForDeploymentPostprocessing = 0;
		};
		7FBC396F1C83C4B700C852AC /* Resources */ = {
			isa = PBXResourcesBuildPhase;
			buildActionMask = 2147483647;
			files = (
			);
			runOnlyForDeploymentPostprocessing = 0;
		};
		7FBC397A1C83C4B700C852AC /* Resources */ = {
			isa = PBXResourcesBuildPhase;
			buildActionMask = 2147483647;
			files = (
			);
			runOnlyForDeploymentPostprocessing = 0;
		};
/* End PBXResourcesBuildPhase section */

/* Begin PBXSourcesBuildPhase section */
		7FBC39591C83C4B700C852AC /* Sources */ = {
			isa = PBXSourcesBuildPhase;
			buildActionMask = 2147483647;
			files = (
				7FBC39631C83C4B700C852AC /* ViewController.swift in Sources */,
				7FBC39611C83C4B700C852AC /* AppDelegate.swift in Sources */,
			);
			runOnlyForDeploymentPostprocessing = 0;
		};
		7FBC396D1C83C4B700C852AC /* Sources */ = {
			isa = PBXSourcesBuildPhase;
			buildActionMask = 2147483647;
			files = (
				7FBC39761C83C4B700C852AC /* playerTests.swift in Sources */,
			);
			runOnlyForDeploymentPostprocessing = 0;
		};
		7FBC39781C83C4B700C852AC /* Sources */ = {
			isa = PBXSourcesBuildPhase;
			buildActionMask = 2147483647;
			files = (
				7FBC39811C83C4B700C852AC /* playerUITests.swift in Sources */,
			);
			runOnlyForDeploymentPostprocessing = 0;
		};
/* End PBXSourcesBuildPhase section */

/* Begin PBXTargetDependency section */
		7FBC39731C83C4B700C852AC /* PBXTargetDependency */ = {
			isa = PBXTargetDependency;
			target = 7FBC395C1C83C4B700C852AC /* player */;
			targetProxy = 7FBC39721C83C4B700C852AC /* PBXContainerItemProxy */;
		};
		7FBC397E1C83C4B700C852AC /* PBXTargetDependency */ = {
			isa = PBXTargetDependency;
			target = 7FBC395C1C83C4B700C852AC /* player */;
			targetProxy = 7FBC397D1C83C4B700C852AC /* PBXContainerItemProxy */;
		};
/* End PBXTargetDependency section */

/* Begin PBXVariantGroup section */
		7FBC39641C83C4B700C852AC /* Main.storyboard */ = {
			isa = PBXVariantGroup;
			children = (
				7FBC39651C83C4B700C852AC /* Base */,
			);
			name = Main.storyboard;
			sourceTree = "<group>";
		};
		7FBC39691C83C4B700C852AC /* LaunchScreen.storyboard */ = {
			isa = PBXVariantGroup;
			children = (
				7FBC396A1C83C4B700C852AC /* Base */,
			);
			name = LaunchScreen.storyboard;
			sourceTree = "<group>";
		};
/* End PBXVariantGroup section */

/* Begin XCBuildConfiguration section */
		7FBC39831C83C4B700C852AC /* Debug */ = {
			isa = XCBuildConfiguration;
			buildSettings = {
				ALWAYS_SEARCH_USER_PATHS = NO;
				CLANG_CXX_LANGUAGE_STANDARD = "gnu++0x";
				CLANG_CXX_LIBRARY = "libc++";
				CLANG_ENABLE_MODULES = YES;
				CLANG_ENABLE_OBJC_ARC = YES;
				CLANG_WARN_BOOL_CONVERSION = YES;
				CLANG_WARN_CONSTANT_CONVERSION = YES;
				CLANG_WARN_DIRECT_OBJC_ISA_USAGE = YES_ERROR;
				CLANG_WARN_EMPTY_BODY = YES;
				CLANG_WARN_ENUM_CONVERSION = YES;
				CLANG_WARN_INT_CONVERSION = YES;
				CLANG_WARN_OBJC_ROOT_CLASS = YES_ERROR;
				CLANG_WARN_UNREACHABLE_CODE = YES;
				CLANG_WARN__DUPLICATE_METHOD_MATCH = YES;
				"CODE_SIGN_IDENTITY[sdk=iphoneos*]" = "iPhone Developer";
				COPY_PHASE_STRIP = NO;
				DEBUG_INFORMATION_FORMAT = dwarf;
				ENABLE_STRICT_OBJC_MSGSEND = YES;
				ENABLE_TESTABILITY = YES;
				GCC_C_LANGUAGE_STANDARD = gnu99;
				GCC_DYNAMIC_NO_PIC = NO;
				GCC_NO_COMMON_BLOCKS = YES;
				GCC_OPTIMIZATION_LEVEL = 0;
				GCC_PREPROCESSOR_DEFINITIONS = (
					"DEBUG=1",
					"$(inherited)",
				);
				GCC_WARN_64_TO_32_BIT_CONVERSION = YES;
				GCC_WARN_ABOUT_RETURN_TYPE = YES_ERROR;
				GCC_WARN_UNDECLARED_SELECTOR = YES;
				GCC_WARN_UNINITIALIZED_AUTOS = YES_AGGRESSIVE;
				GCC_WARN_UNUSED_FUNCTION = YES;
				GCC_WARN_UNUSED_VARIABLE = YES;
				IPHONEOS_DEPLOYMENT_TARGET = 9.0;
				MTL_ENABLE_DEBUG_INFO = YES;
				ONLY_ACTIVE_ARCH = YES;
				SDKROOT = iphoneos;
				SWIFT_OPTIMIZATION_LEVEL = "-Onone";
			};
			name = Debug;
		};
		7FBC39841C83C4B700C852AC /* Release */ = {
			isa = XCBuildConfiguration;
			buildSettings = {
				ALWAYS_SEARCH_USER_PATHS = NO;
				CLANG_CXX_LANGUAGE_STANDARD = "gnu++0x";
				CLANG_CXX_LIBRARY = "libc++";
				CLANG_ENABLE_MODULES = YES;
				CLANG_ENABLE_OBJC_ARC = YES;
				CLANG_WARN_BOOL_CONVERSION = YES;
				CLANG_WARN_CONSTANT_CONVERSION = YES;
				CLANG_WARN_DIRECT_OBJC_ISA_USAGE = YES_ERROR;
				CLANG_WARN_EMPTY_BODY = YES;
				CLANG_WARN_ENUM_CONVERSION = YES;
				CLANG_WARN_INT_CONVERSION = YES;
				CLANG_WARN_OBJC_ROOT_CLASS = YES_ERROR;
				CLANG_WARN_UNREACHABLE_CODE = YES;
				CLANG_WARN__DUPLICATE_METHOD_MATCH = YES;
				"CODE_SIGN_IDENTITY[sdk=iphoneos*]" = "iPhone Developer";
				COPY_PHASE_STRIP = NO;
				DEBUG_INFORMATION_FORMAT = "dwarf-with-dsym";
				ENABLE_NS_ASSERTIONS = NO;
				ENABLE_STRICT_OBJC_MSGSEND = YES;
				GCC_C_LANGUAGE_STANDARD = gnu99;
				GCC_NO_COMMON_BLOCKS = YES;
				GCC_WARN_64_TO_32_BIT_CONVERSION = YES;
				GCC_WARN_ABOUT_RETURN_TYPE = YES_ERROR;
				GCC_WARN_UNDECLARED_SELECTOR = YES;
				GCC_WARN_UNINITIALIZED_AUTOS = YES_AGGRESSIVE;
				GCC_WARN_UNUSED_FUNCTION = YES;
				GCC_WARN_UNUSED_VARIABLE = YES;
				IPHONEOS_DEPLOYMENT_TARGET = 9.0;
				MTL_ENABLE_DEBUG_INFO = NO;
				SDKROOT = iphoneos;
				VALIDATE_PRODUCT = YES;
			};
			name = Release;
		};
		7FBC39861C83C4B700C852AC /* Debug */ = {
			isa = XCBuildConfiguration;
			buildSettings = {
				ASSETCATALOG_COMPILER_APPICON_NAME = AppIcon;
				INFOPLIST_FILE = player/Info.plist;
				LD_RUNPATH_SEARCH_PATHS = "$(inherited) @executable_path/Frameworks";
				PRODUCT_BUNDLE_IDENTIFIER = ios2.player;
				PRODUCT_NAME = "$(TARGET_NAME)";
			};
			name = Debug;
		};
		7FBC39871C83C4B700C852AC /* Release */ = {
			isa = XCBuildConfiguration;
			buildSettings = {
				ASSETCATALOG_COMPILER_APPICON_NAME = AppIcon;
				INFOPLIST_FILE = player/Info.plist;
				LD_RUNPATH_SEARCH_PATHS = "$(inherited) @executable_path/Frameworks";
				PRODUCT_BUNDLE_IDENTIFIER = ios2.player;
				PRODUCT_NAME = "$(TARGET_NAME)";
			};
			name = Release;
		};
		7FBC39891C83C4B700C852AC /* Debug */ = {
			isa = XCBuildConfiguration;
			buildSettings = {
				BUNDLE_LOADER = "$(TEST_HOST)";
				INFOPLIST_FILE = playerTests/Info.plist;
				LD_RUNPATH_SEARCH_PATHS = "$(inherited) @executable_path/Frameworks @loader_path/Frameworks";
				PRODUCT_BUNDLE_IDENTIFIER = ios2.playerTests;
				PRODUCT_NAME = "$(TARGET_NAME)";
				TEST_HOST = "$(BUILT_PRODUCTS_DIR)/player.app/player";
			};
			name = Debug;
		};
		7FBC398A1C83C4B700C852AC /* Release */ = {
			isa = XCBuildConfiguration;
			buildSettings = {
				BUNDLE_LOADER = "$(TEST_HOST)";
				INFOPLIST_FILE = playerTests/Info.plist;
				LD_RUNPATH_SEARCH_PATHS = "$(inherited) @executable_path/Frameworks @loader_path/Frameworks";
				PRODUCT_BUNDLE_IDENTIFIER = ios2.playerTests;
				PRODUCT_NAME = "$(TARGET_NAME)";
				TEST_HOST = "$(BUILT_PRODUCTS_DIR)/player.app/player";
			};
			name = Release;
		};
		7FBC398C1C83C4B700C852AC /* Debug */ = {
			isa = XCBuildConfiguration;
			buildSettings = {
				INFOPLIST_FILE = playerUITests/Info.plist;
				LD_RUNPATH_SEARCH_PATHS = "$(inherited) @executable_path/Frameworks @loader_path/Frameworks";
				PRODUCT_BUNDLE_IDENTIFIER = ios2.playerUITests;
				PRODUCT_NAME = "$(TARGET_NAME)";
				TEST_TARGET_NAME = player;
				USES_XCTRUNNER = YES;
			};
			name = Debug;
		};
		7FBC398D1C83C4B700C852AC /* Release */ = {
			isa = XCBuildConfiguration;
			buildSettings = {
				INFOPLIST_FILE = playerUITests/Info.plist;
				LD_RUNPATH_SEARCH_PATHS = "$(inherited) @executable_path/Frameworks @loader_path/Frameworks";
				PRODUCT_BUNDLE_IDENTIFIER = ios2.playerUITests;
				PRODUCT_NAME = "$(TARGET_NAME)";
				TEST_TARGET_NAME = player;
				USES_XCTRUNNER = YES;
			};
			name = Release;
		};
/* End XCBuildConfiguration section */

/* Begin XCConfigurationList section */
		7FBC39581C83C4B700C852AC /* Build configuration list for PBXProject "player" */ = {
			isa = XCConfigurationList;
			buildConfigurations = (
				7FBC39831C83C4B700C852AC /* Debug */,
				7FBC39841C83C4B700C852AC /* Release */,
			);
			defaultConfigurationIsVisible = 0;
			defaultConfigurationName = Release;
		};
		7FBC39851C83C4B700C852AC /* Build configuration list for PBXNativeTarget "player" */ = {
			isa = XCConfigurationList;
			buildConfigurations = (
				7FBC39861C83C4B700C852AC /* Debug */,
				7FBC39871C83C4B700C852AC /* Release */,
			);
			defaultConfigurationIsVisible = 0;
		};
		7FBC39881C83C4B700C852AC /* Build configuration list for PBXNativeTarget "playerTests" */ = {
			isa = XCConfigurationList;
			buildConfigurations = (
				7FBC39891C83C4B700C852AC /* Debug */,
				7FBC398A1C83C4B700C852AC /* Release */,
			);
			defaultConfigurationIsVisible = 0;
		};
		7FBC398B1C83C4B700C852AC /* Build configuration list for PBXNativeTarget "playerUITests" */ = {
			isa = XCConfigurationList;
			buildConfigurations = (
				7FBC398C1C83C4B700C852AC /* Debug */,
				7FBC398D1C83C4B700C852AC /* Release */,
			);
			defaultConfigurationIsVisible = 0;
		};
/* End XCConfigurationList section */
	};
	rootObject = 7FBC39551C83C4B700C852AC /* Project object */;
}
